
Microsoft Visual Studio Solution File, Format Version 12.00
# Visual Studio Version 17
VisualStudioVersion = 17.0.31903.59
MinimumVisualStudioVersion = 10.0.40219.1
Project("{FAE04EC0-301F-11D3-BF4B-00C04F79EFBC}") = "MovieLibrary.Domain", "MovieLibrary.Domain\MovieLibrary.Domain.csproj", "{6DD669E1-842E-4340-AE11-5877CF82FABE}"
EndProject
Project("{FAE04EC0-301F-11D3-BF4B-00C04F79EFBC}") = "MovieLibrary.Application", "MovieLibrary.Application\MovieLibrary.Application.csproj", "{09ED7220-B0BF-44B2-8EAB-6B425BB6B5EB}"
EndProject
Project("{FAE04EC0-301F-11D3-BF4B-00C04F79EFBC}") = "MovieLibrary.Infrastructure", "MovieLibrary.Infrastructure\MovieLibrary.Infrastructure.csproj", "{ADDE4E60-7978-407B-9476-A57CB52BD1A2}"
EndProject
Project("{FAE04EC0-301F-11D3-BF4B-00C04F79EFBC}") = "MovieLibrary.API", "MovieLibrary.API\MovieLibrary.API.csproj", "{DA6C67CE-104C-442A-B654-997D182C2ED0}"
EndProject
Global
	GlobalSection(SolutionConfigurationPlatforms) = preSolution
		Debug|Any CPU = Debug|Any CPU
		Debug|x64 = Debug|x64
		Debug|x86 = Debug|x86
		Release|Any CPU = Release|Any CPU
		Release|x64 = Release|x64
		Release|x86 = Release|x86
	EndGlobalSection
	GlobalSection(ProjectConfigurationPlatforms) = postSolution
		{6DD669E1-842E-4340-AE11-5877CF82FABE}.Debug|Any CPU.ActiveCfg = Debug|Any CPU
		{6DD669E1-842E-4340-AE11-5877CF82FABE}.Debug|Any CPU.Build.0 = Debug|Any CPU
		{6DD669E1-842E-4340-AE11-5877CF82FABE}.Debug|x64.ActiveCfg = Debug|Any CPU
		{6DD669E1-842E-4340-AE11-5877CF82FABE}.Debug|x64.Build.0 = Debug|Any CPU
		{6DD669E1-842E-4340-AE11-5877CF82FABE}.Debug|x86.ActiveCfg = Debug|Any CPU
		{6DD669E1-842E-4340-AE11-5877CF82FABE}.Debug|x86.Build.0 = Debug|Any CPU
		{6DD669E1-842E-4340-AE11-5877CF82FABE}.Release|Any CPU.ActiveCfg = Release|Any CPU
		{6DD669E1-842E-4340-AE11-5877CF82FABE}.Release|Any CPU.Build.0 = Release|Any CPU
		{6DD669E1-842E-4340-AE11-5877CF82FABE}.Release|x64.ActiveCfg = Release|Any CPU
		{6DD669E1-842E-4340-AE11-5877CF82FABE}.Release|x64.Build.0 = Release|Any CPU
		{6DD669E1-842E-4340-AE11-5877CF82FABE}.Release|x86.ActiveCfg = Release|Any CPU
		{6DD669E1-842E-4340-AE11-5877CF82FABE}.Release|x86.Build.0 = Release|Any CPU
		{09ED7220-B0BF-44B2-8EAB-6B425BB6B5EB}.Debug|Any CPU.ActiveCfg = Debug|Any CPU
		{09ED7220-B0BF-44B2-8EAB-6B425BB6B5EB}.Debug|Any CPU.Build.0 = Debug|Any CPU
		{09ED7220-B0BF-44B2-8EAB-6B425BB6B5EB}.Debug|x64.ActiveCfg = Debug|Any CPU
		{09ED7220-B0BF-44B2-8EAB-6B425BB6B5EB}.Debug|x64.Build.0 = Debug|Any CPU
		{09ED7220-B0BF-44B2-8EAB-6B425BB6B5EB}.Debug|x86.ActiveCfg = Debug|Any CPU
		{09ED7220-B0BF-44B2-8EAB-6B425BB6B5EB}.Debug|x86.Build.0 = Debug|Any CPU
		{09ED7220-B0BF-44B2-8EAB-6B425BB6B5EB}.Release|Any CPU.ActiveCfg = Release|Any CPU
		{09ED7220-B0BF-44B2-8EAB-6B425BB6B5EB}.Release|Any CPU.Build.0 = Release|Any CPU
		{09ED7220-B0BF-44B2-8EAB-6B425BB6B5EB}.Release|x64.ActiveCfg = Release|Any CPU
		{09ED7220-B0BF-44B2-8EAB-6B425BB6B5EB}.Release|x64.Build.0 = Release|Any CPU
		{09ED7220-B0BF-44B2-8EAB-6B425BB6B5EB}.Release|x86.ActiveCfg = Release|Any CPU
		{09ED7220-B0BF-44B2-8EAB-6B425BB6B5EB}.Release|x86.Build.0 = Release|Any CPU
		{ADDE4E60-7978-407B-9476-A57CB52BD1A2}.Debug|Any CPU.ActiveCfg = Debug|Any CPU
		{ADDE4E60-7978-407B-9476-A57CB52BD1A2}.Debug|Any CPU.Build.0 = Debug|Any CPU
		{ADDE4E60-7978-407B-9476-A57CB52BD1A2}.Debug|x64.ActiveCfg = Debug|Any CPU
		{ADDE4E60-7978-407B-9476-A57CB52BD1A2}.Debug|x64.Build.0 = Debug|Any CPU
		{ADDE4E60-7978-407B-9476-A57CB52BD1A2}.Debug|x86.ActiveCfg = Debug|Any CPU
		{ADDE4E60-7978-407B-9476-A57CB52BD1A2}.Debug|x86.Build.0 = Debug|Any CPU
		{ADDE4E60-7978-407B-9476-A57CB52BD1A2}.Release|Any CPU.ActiveCfg = Release|Any CPU
		{ADDE4E60-7978-407B-9476-A57CB52BD1A2}.Release|Any CPU.Build.0 = Release|Any CPU
		{ADDE4E60-7978-407B-9476-A57CB52BD1A2}.Release|x64.ActiveCfg = Release|Any CPU
		{ADDE4E60-7978-407B-9476-A57CB52BD1A2}.Release|x64.Build.0 = Release|Any CPU
		{ADDE4E60-7978-407B-9476-A57CB52BD1A2}.Release|x86.ActiveCfg = Release|Any CPU
		{ADDE4E60-7978-407B-9476-A57CB52BD1A2}.Release|x86.Build.0 = Release|Any CPU
		{DA6C67CE-104C-442A-B654-997D182C2ED0}.Debug|Any CPU.ActiveCfg = Debug|Any CPU
		{DA6C67CE-104C-442A-B654-997D182C2ED0}.Debug|Any CPU.Build.0 = Debug|Any CPU
		{DA6C67CE-104C-442A-B654-997D182C2ED0}.Debug|x64.ActiveCfg = Debug|Any CPU
		{DA6C67CE-104C-442A-B654-997D182C2ED0}.Debug|x64.Build.0 = Debug|Any CPU
		{DA6C67CE-104C-442A-B654-997D182C2ED0}.Debug|x86.ActiveCfg = Debug|Any CPU
		{DA6C67CE-104C-442A-B654-997D182C2ED0}.Debug|x86.Build.0 = Debug|Any CPU
		{DA6C67CE-104C-442A-B654-997D182C2ED0}.Release|Any CPU.ActiveCfg = Release|Any CPU
		{DA6C67CE-104C-442A-B654-997D182C2ED0}.Release|Any CPU.Build.0 = Release|Any CPU
		{DA6C67CE-104C-442A-B654-997D182C2ED0}.Release|x64.ActiveCfg = Release|Any CPU
		{DA6C67CE-104C-442A-B654-997D182C2ED0}.Release|x64.Build.0 = Release|Any CPU
		{DA6C67CE-104C-442A-B654-997D182C2ED0}.Release|x86.ActiveCfg = Release|Any CPU
		{DA6C67CE-104C-442A-B654-997D182C2ED0}.Release|x86.Build.0 = Release|Any CPU
	EndGlobalSection
	GlobalSection(SolutionProperties) = preSolution
		HideSolutionNode = FALSE
	EndGlobalSection
EndGlobal
